
Microsoft Visual Studio Solution File, Format Version 12.00
# Visual Studio Version 17
VisualStudioVersion = 17.11.35303.130
MinimumVisualStudioVersion = 10.0.40219.1
Project("{FAE04EC0-301F-11D3-BF4B-00C04F79EFBC}") = "ECommerceApp2", "ECommerceApp2\ECommerceApp2.csproj", "{826348AD-EEB4-48DA-8564-2618BF399406}"
EndProject
Global
	GlobalSection(SolutionConfigurationPlatforms) = preSolution
		Debug|Any CPU = Debug|Any CPU
		Release|Any CPU = Release|Any CPU
	EndGlobalSection
	GlobalSection(ProjectConfigurationPlatforms) = postSolution
		{826348AD-EEB4-48DA-8564-2618BF399406}.Debug|Any CPU.ActiveCfg = Debug|Any CPU
		{826348AD-EEB4-48DA-8564-2618BF399406}.Debug|Any CPU.Build.0 = Debug|Any CPU
		{826348AD-EEB4-48DA-8564-2618BF399406}.Release|Any CPU.ActiveCfg = Release|Any CPU
		{826348AD-EEB4-48DA-8564-2618BF399406}.Release|Any CPU.Build.0 = Release|Any CPU
	EndGlobalSection
	GlobalSection(SolutionProperties) = preSolution
		HideSolutionNode = FALSE
	EndGlobalSection
	GlobalSection(ExtensibilityGlobals) = postSolution
		SolutionGuid = {EE585DE8-1079-4106-848D-965FCDFF6E50}
	EndGlobalSection
EndGlobal
